// !$*UTF8*$!
{
	archiveVersion = 1;
	classes = {
	};
	objectVersion = 46;
	objects = {

/* Begin PBXBuildFile section */
		60BC02C4FE6D6DFFDE853B4A /* libPods-Bhoot FM Collection.a in Frameworks */ = {isa = PBXBuildFile; fileRef = 270BC57FA483A6D959BD1410 /* libPods-Bhoot FM Collection.a */; };
		DA126E941E7E44310067C74B /* main.m in Sources */ = {isa = PBXBuildFile; fileRef = DA126E931E7E44310067C74B /* main.m */; };
		DA126E971E7E44310067C74B /* AppDelegate.m in Sources */ = {isa = PBXBuildFile; fileRef = DA126E961E7E44310067C74B /* AppDelegate.m */; };
		DA126E9D1E7E44310067C74B /* Main.storyboard in Resources */ = {isa = PBXBuildFile; fileRef = DA126E9B1E7E44310067C74B /* Main.storyboard */; };
		DA126EA01E7E44310067C74B /* Bhoot_FM_Collection.xcdatamodeld in Sources */ = {isa = PBXBuildFile; fileRef = DA126E9E1E7E44310067C74B /* Bhoot_FM_Collection.xcdatamodeld */; };
		DA126EA21E7E44310067C74B /* Assets.xcassets in Resources */ = {isa = PBXBuildFile; fileRef = DA126EA11E7E44310067C74B /* Assets.xcassets */; };
		DA126EA51E7E44310067C74B /* LaunchScreen.storyboard in Resources */ = {isa = PBXBuildFile; fileRef = DA126EA31E7E44310067C74B /* LaunchScreen.storyboard */; };
		DA126EB01E7E44310067C74B /* Bhoot_FM_CollectionTests.m in Sources */ = {isa = PBXBuildFile; fileRef = DA126EAF1E7E44310067C74B /* Bhoot_FM_CollectionTests.m */; };
		DA126EBB1E7E44310067C74B /* Bhoot_FM_CollectionUITests.m in Sources */ = {isa = PBXBuildFile; fileRef = DA126EBA1E7E44310067C74B /* Bhoot_FM_CollectionUITests.m */; };
		DA126ED81E7E58DC0067C74B /* MMDrawerBarButtonItem.m in Sources */ = {isa = PBXBuildFile; fileRef = DA126ED01E7E58DC0067C74B /* MMDrawerBarButtonItem.m */; };
		DA126ED91E7E58DC0067C74B /* MMDrawerController.m in Sources */ = {isa = PBXBuildFile; fileRef = DA126ED21E7E58DC0067C74B /* MMDrawerController.m */; };
		DA126EDA1E7E58DC0067C74B /* MMDrawerVisualState.m in Sources */ = {isa = PBXBuildFile; fileRef = DA126ED51E7E58DC0067C74B /* MMDrawerVisualState.m */; };
		DA126EDB1E7E58DC0067C74B /* UIViewController+MMDrawerController.m in Sources */ = {isa = PBXBuildFile; fileRef = DA126ED71E7E58DC0067C74B /* UIViewController+MMDrawerController.m */; };
		DA7F3CA11E8A2E9C00B16333 /* ViewController.m in Sources */ = {isa = PBXBuildFile; fileRef = DA7F3CA01E8A2E9C00B16333 /* ViewController.m */; };
		DA7F3CA51E8A2EC800B16333 /* LeftViewController.m in Sources */ = {isa = PBXBuildFile; fileRef = DA7F3CA41E8A2EC800B16333 /* LeftViewController.m */; };
		DA7F3CA91E8A2ED700B16333 /* RightViewController.m in Sources */ = {isa = PBXBuildFile; fileRef = DA7F3CA81E8A2ED700B16333 /* RightViewController.m */; };
		DA89EB861E8B92D800C13D26 /* Music.storyboard in Resources */ = {isa = PBXBuildFile; fileRef = DA89EB811E8B92D800C13D26 /* Music.storyboard */; };
		DA89EB871E8B92D800C13D26 /* MusicIndicator.m in Sources */ = {isa = PBXBuildFile; fileRef = DA89EB831E8B92D800C13D26 /* MusicIndicator.m */; };
		DA89EB881E8B92D800C13D26 /* MusicSlider.m in Sources */ = {isa = PBXBuildFile; fileRef = DA89EB851E8B92D800C13D26 /* MusicSlider.m */; };
		DA89EB8D1E8B95ED00C13D26 /* Track.m in Sources */ = {isa = PBXBuildFile; fileRef = DA89EB8C1E8B95ED00C13D26 /* Track.m */; };
		DA89EB931E8B960700C13D26 /* NAKPlaybackIndicatorContentView.m in Sources */ = {isa = PBXBuildFile; fileRef = DA89EB901E8B960700C13D26 /* NAKPlaybackIndicatorContentView.m */; };
		DA89EB941E8B960700C13D26 /* NAKPlaybackIndicatorView.m in Sources */ = {isa = PBXBuildFile; fileRef = DA89EB921E8B960700C13D26 /* NAKPlaybackIndicatorView.m */; };
/* End PBXBuildFile section */

/* Begin PBXContainerItemProxy section */
		DA126EAC1E7E44310067C74B /* PBXContainerItemProxy */ = {
			isa = PBXContainerItemProxy;
			containerPortal = DA126E871E7E44310067C74B /* Project object */;
			proxyType = 1;
			remoteGlobalIDString = DA126E8E1E7E44310067C74B;
			remoteInfo = "Bhoot FM Collection";
		};
		DA126EB71E7E44310067C74B /* PBXContainerItemProxy */ = {
			isa = PBXContainerItemProxy;
			containerPortal = DA126E871E7E44310067C74B /* Project object */;
			proxyType = 1;
			remoteGlobalIDString = DA126E8E1E7E44310067C74B;
			remoteInfo = "Bhoot FM Collection";
		};
/* End PBXContainerItemProxy section */

/* Begin PBXFileReference section */
		270BC57FA483A6D959BD1410 /* libPods-Bhoot FM Collection.a */ = {isa = PBXFileReference; explicitFileType = archive.ar; includeInIndex = 0; path = "libPods-Bhoot FM Collection.a"; sourceTree = BUILT_PRODUCTS_DIR; };
		A7AFB220F4FB1E61B2870D1C /* Pods-Bhoot FM Collection.debug.xcconfig */ = {isa = PBXFileReference; includeInIndex = 1; lastKnownFileType = text.xcconfig; name = "Pods-Bhoot FM Collection.debug.xcconfig"; path = "Pods/Target Support Files/Pods-Bhoot FM Collection/Pods-Bhoot FM Collection.debug.xcconfig"; sourceTree = "<group>"; };
		DA126E8F1E7E44310067C74B /* Bhoot FM Collection.app */ = {isa = PBXFileReference; explicitFileType = wrapper.application; includeInIndex = 0; path = "Bhoot FM Collection.app"; sourceTree = BUILT_PRODUCTS_DIR; };
		DA126E931E7E44310067C74B /* main.m */ = {isa = PBXFileReference; lastKnownFileType = sourcecode.c.objc; path = main.m; sourceTree = "<group>"; };
		DA126E951E7E44310067C74B /* AppDelegate.h */ = {isa = PBXFileReference; lastKnownFileType = sourcecode.c.h; path = AppDelegate.h; sourceTree = "<group>"; };
		DA126E961E7E44310067C74B /* AppDelegate.m */ = {isa = PBXFileReference; lastKnownFileType = sourcecode.c.objc; path = AppDelegate.m; sourceTree = "<group>"; };
		DA126E9C1E7E44310067C74B /* Base */ = {isa = PBXFileReference; lastKnownFileType = file.storyboard; name = Base; path = Base.lproj/Main.storyboard; sourceTree = "<group>"; };
		DA126E9F1E7E44310067C74B /* Bhoot_FM_Collection.xcdatamodel */ = {isa = PBXFileReference; lastKnownFileType = wrapper.xcdatamodel; path = Bhoot_FM_Collection.xcdatamodel; sourceTree = "<group>"; };
		DA126EA11E7E44310067C74B /* Assets.xcassets */ = {isa = PBXFileReference; lastKnownFileType = folder.assetcatalog; path = Assets.xcassets; sourceTree = "<group>"; };
		DA126EA41E7E44310067C74B /* Base */ = {isa = PBXFileReference; lastKnownFileType = file.storyboard; name = Base; path = Base.lproj/LaunchScreen.storyboard; sourceTree = "<group>"; };
		DA126EA61E7E44310067C74B /* Info.plist */ = {isa = PBXFileReference; lastKnownFileType = text.plist.xml; path = Info.plist; sourceTree = "<group>"; };
		DA126EAB1E7E44310067C74B /* Bhoot FM CollectionTests.xctest */ = {isa = PBXFileReference; explicitFileType = wrapper.cfbundle; includeInIndex = 0; path = "Bhoot FM CollectionTests.xctest"; sourceTree = BUILT_PRODUCTS_DIR; };
		DA126EAF1E7E44310067C74B /* Bhoot_FM_CollectionTests.m */ = {isa = PBXFileReference; lastKnownFileType = sourcecode.c.objc; path = Bhoot_FM_CollectionTests.m; sourceTree = "<group>"; };
		DA126EB11E7E44310067C74B /* Info.plist */ = {isa = PBXFileReference; lastKnownFileType = text.plist.xml; path = Info.plist; sourceTree = "<group>"; };
		DA126EB61E7E44310067C74B /* Bhoot FM CollectionUITests.xctest */ = {isa = PBXFileReference; explicitFileType = wrapper.cfbundle; includeInIndex = 0; path = "Bhoot FM CollectionUITests.xctest"; sourceTree = BUILT_PRODUCTS_DIR; };
		DA126EBA1E7E44310067C74B /* Bhoot_FM_CollectionUITests.m */ = {isa = PBXFileReference; lastKnownFileType = sourcecode.c.objc; path = Bhoot_FM_CollectionUITests.m; sourceTree = "<group>"; };
		DA126EBC1E7E44310067C74B /* Info.plist */ = {isa = PBXFileReference; lastKnownFileType = text.plist.xml; path = Info.plist; sourceTree = "<group>"; };
		DA126ECF1E7E58DC0067C74B /* MMDrawerBarButtonItem.h */ = {isa = PBXFileReference; fileEncoding = 4; lastKnownFileType = sourcecode.c.h; name = MMDrawerBarButtonItem.h; path = "Bhoot FM Collection/MMDrawerController/MMDrawerBarButtonItem.h"; sourceTree = "<group>"; };
		DA126ED01E7E58DC0067C74B /* MMDrawerBarButtonItem.m */ = {isa = PBXFileReference; fileEncoding = 4; lastKnownFileType = sourcecode.c.objc; name = MMDrawerBarButtonItem.m; path = "Bhoot FM Collection/MMDrawerController/MMDrawerBarButtonItem.m"; sourceTree = "<group>"; };
		DA126ED11E7E58DC0067C74B /* MMDrawerController.h */ = {isa = PBXFileReference; fileEncoding = 4; lastKnownFileType = sourcecode.c.h; name = MMDrawerController.h; path = "Bhoot FM Collection/MMDrawerController/MMDrawerController.h"; sourceTree = "<group>"; };
		DA126ED21E7E58DC0067C74B /* MMDrawerController.m */ = {isa = PBXFileReference; fileEncoding = 4; lastKnownFileType = sourcecode.c.objc; name = MMDrawerController.m; path = "Bhoot FM Collection/MMDrawerController/MMDrawerController.m"; sourceTree = "<group>"; };
		DA126ED31E7E58DC0067C74B /* MMDrawerController+Subclass.h */ = {isa = PBXFileReference; fileEncoding = 4; lastKnownFileType = sourcecode.c.h; name = "MMDrawerController+Subclass.h"; path = "Bhoot FM Collection/MMDrawerController/MMDrawerController+Subclass.h"; sourceTree = "<group>"; };
		DA126ED41E7E58DC0067C74B /* MMDrawerVisualState.h */ = {isa = PBXFileReference; fileEncoding = 4; lastKnownFileType = sourcecode.c.h; name = MMDrawerVisualState.h; path = "Bhoot FM Collection/MMDrawerController/MMDrawerVisualState.h"; sourceTree = "<group>"; };
		DA126ED51E7E58DC0067C74B /* MMDrawerVisualState.m */ = {isa = PBXFileReference; fileEncoding = 4; lastKnownFileType = sourcecode.c.objc; name = MMDrawerVisualState.m; path = "Bhoot FM Collection/MMDrawerController/MMDrawerVisualState.m"; sourceTree = "<group>"; };
		DA126ED61E7E58DC0067C74B /* UIViewController+MMDrawerController.h */ = {isa = PBXFileReference; fileEncoding = 4; lastKnownFileType = sourcecode.c.h; name = "UIViewController+MMDrawerController.h"; path = "Bhoot FM Collection/MMDrawerController/UIViewController+MMDrawerController.h"; sourceTree = "<group>"; };
		DA126ED71E7E58DC0067C74B /* UIViewController+MMDrawerController.m */ = {isa = PBXFileReference; fileEncoding = 4; lastKnownFileType = sourcecode.c.objc; name = "UIViewController+MMDrawerController.m"; path = "Bhoot FM Collection/MMDrawerController/UIViewController+MMDrawerController.m"; sourceTree = "<group>"; };
		DA7F3C9F1E8A2E9C00B16333 /* ViewController.h */ = {isa = PBXFileReference; fileEncoding = 4; lastKnownFileType = sourcecode.c.h; name = ViewController.h; path = "Bhoot FM Collection/Controllers/CenterViewController/ViewController.h"; sourceTree = "<group>"; };
		DA7F3CA01E8A2E9C00B16333 /* ViewController.m */ = {isa = PBXFileReference; fileEncoding = 4; lastKnownFileType = sourcecode.c.objc; name = ViewController.m; path = "Bhoot FM Collection/Controllers/CenterViewController/ViewController.m"; sourceTree = "<group>"; };
		DA7F3CA31E8A2EC800B16333 /* LeftViewController.h */ = {isa = PBXFileReference; fileEncoding = 4; lastKnownFileType = sourcecode.c.h; name = LeftViewController.h; path = "Bhoot FM Collection/Controllers/LeftViewController/LeftViewController.h"; sourceTree = "<group>"; };
		DA7F3CA41E8A2EC800B16333 /* LeftViewController.m */ = {isa = PBXFileReference; fileEncoding = 4; lastKnownFileType = sourcecode.c.objc; name = LeftViewController.m; path = "Bhoot FM Collection/Controllers/LeftViewController/LeftViewController.m"; sourceTree = "<group>"; };
		DA7F3CA71E8A2ED700B16333 /* RightViewController.h */ = {isa = PBXFileReference; fileEncoding = 4; lastKnownFileType = sourcecode.c.h; name = RightViewController.h; path = "Bhoot FM Collection/Controllers/RightViewController/RightViewController.h"; sourceTree = "<group>"; };
		DA7F3CA81E8A2ED700B16333 /* RightViewController.m */ = {isa = PBXFileReference; fileEncoding = 4; lastKnownFileType = sourcecode.c.objc; name = RightViewController.m; path = "Bhoot FM Collection/Controllers/RightViewController/RightViewController.m"; sourceTree = "<group>"; };
		DA89EB811E8B92D800C13D26 /* Music.storyboard */ = {isa = PBXFileReference; fileEncoding = 4; lastKnownFileType = file.storyboard; name = Music.storyboard; path = "Bhoot FM Collection/Views/Music/Music.storyboard"; sourceTree = "<group>"; };
		DA89EB821E8B92D800C13D26 /* MusicIndicator.h */ = {isa = PBXFileReference; fileEncoding = 4; lastKnownFileType = sourcecode.c.h; name = MusicIndicator.h; path = "Bhoot FM Collection/Views/Music/MusicIndicator.h"; sourceTree = "<group>"; };
		DA89EB831E8B92D800C13D26 /* MusicIndicator.m */ = {isa = PBXFileReference; fileEncoding = 4; lastKnownFileType = sourcecode.c.objc; name = MusicIndicator.m; path = "Bhoot FM Collection/Views/Music/MusicIndicator.m"; sourceTree = "<group>"; };
		DA89EB841E8B92D800C13D26 /* MusicSlider.h */ = {isa = PBXFileReference; fileEncoding = 4; lastKnownFileType = sourcecode.c.h; name = MusicSlider.h; path = "Bhoot FM Collection/Views/Music/MusicSlider.h"; sourceTree = "<group>"; };
		DA89EB851E8B92D800C13D26 /* MusicSlider.m */ = {isa = PBXFileReference; fileEncoding = 4; lastKnownFileType = sourcecode.c.objc; name = MusicSlider.m; path = "Bhoot FM Collection/Views/Music/MusicSlider.m"; sourceTree = "<group>"; };
		DA89EB8B1E8B95ED00C13D26 /* Track.h */ = {isa = PBXFileReference; fileEncoding = 4; lastKnownFileType = sourcecode.c.h; name = Track.h; path = "Bhoot FM Collection/Thirdparty/DOUAudioStreamer/Track.h"; sourceTree = "<group>"; };
		DA89EB8C1E8B95ED00C13D26 /* Track.m */ = {isa = PBXFileReference; fileEncoding = 4; lastKnownFileType = sourcecode.c.objc; name = Track.m; path = "Bhoot FM Collection/Thirdparty/DOUAudioStreamer/Track.m"; sourceTree = "<group>"; };
		DA89EB8F1E8B960700C13D26 /* NAKPlaybackIndicatorContentView.h */ = {isa = PBXFileReference; fileEncoding = 4; lastKnownFileType = sourcecode.c.h; name = NAKPlaybackIndicatorContentView.h; path = "Bhoot FM Collection/Thirdparty/NAKPlaybackIndicatorView/NAKPlaybackIndicatorContentView.h"; sourceTree = "<group>"; };
		DA89EB901E8B960700C13D26 /* NAKPlaybackIndicatorContentView.m */ = {isa = PBXFileReference; fileEncoding = 4; lastKnownFileType = sourcecode.c.objc; name = NAKPlaybackIndicatorContentView.m; path = "Bhoot FM Collection/Thirdparty/NAKPlaybackIndicatorView/NAKPlaybackIndicatorContentView.m"; sourceTree = "<group>"; };
		DA89EB911E8B960700C13D26 /* NAKPlaybackIndicatorView.h */ = {isa = PBXFileReference; fileEncoding = 4; lastKnownFileType = sourcecode.c.h; name = NAKPlaybackIndicatorView.h; path = "Bhoot FM Collection/Thirdparty/NAKPlaybackIndicatorView/NAKPlaybackIndicatorView.h"; sourceTree = "<group>"; };
		DA89EB921E8B960700C13D26 /* NAKPlaybackIndicatorView.m */ = {isa = PBXFileReference; fileEncoding = 4; lastKnownFileType = sourcecode.c.objc; name = NAKPlaybackIndicatorView.m; path = "Bhoot FM Collection/Thirdparty/NAKPlaybackIndicatorView/NAKPlaybackIndicatorView.m"; sourceTree = "<group>"; };
		DA89EB961E8B967400C13D26 /* UIConstant.h */ = {isa = PBXFileReference; fileEncoding = 4; lastKnownFileType = sourcecode.c.h; name = UIConstant.h; path = "Bhoot FM Collection/Common/UIConstant.h"; sourceTree = "<group>"; };
		ED0DF6C38C64537E422D47BD /* Pods-Bhoot FM Collection.release.xcconfig */ = {isa = PBXFileReference; includeInIndex = 1; lastKnownFileType = text.xcconfig; name = "Pods-Bhoot FM Collection.release.xcconfig"; path = "Pods/Target Support Files/Pods-Bhoot FM Collection/Pods-Bhoot FM Collection.release.xcconfig"; sourceTree = "<group>"; };
/* End PBXFileReference section */

/* Begin PBXFrameworksBuildPhase section */
		DA126E8C1E7E44310067C74B /* Frameworks */ = {
			isa = PBXFrameworksBuildPhase;
			buildActionMask = 2147483647;
			files = (
				60BC02C4FE6D6DFFDE853B4A /* libPods-Bhoot FM Collection.a in Frameworks */,
			);
			runOnlyForDeploymentPostprocessing = 0;
		};
		DA126EA81E7E44310067C74B /* Frameworks */ = {
			isa = PBXFrameworksBuildPhase;
			buildActionMask = 2147483647;
			files = (
			);
			runOnlyForDeploymentPostprocessing = 0;
		};
		DA126EB31E7E44310067C74B /* Frameworks */ = {
			isa = PBXFrameworksBuildPhase;
			buildActionMask = 2147483647;
			files = (
			);
			runOnlyForDeploymentPostprocessing = 0;
		};
/* End PBXFrameworksBuildPhase section */

/* Begin PBXGroup section */
		4A095F6B110CC78ACA4C0FD0 /* Pods */ = {
			isa = PBXGroup;
			children = (
				A7AFB220F4FB1E61B2870D1C /* Pods-Bhoot FM Collection.debug.xcconfig */,
				ED0DF6C38C64537E422D47BD /* Pods-Bhoot FM Collection.release.xcconfig */,
			);
			name = Pods;
			sourceTree = "<group>";
		};
		9236C88AF1349BD3CEAD0D28 /* Frameworks */ = {
			isa = PBXGroup;
			children = (
				270BC57FA483A6D959BD1410 /* libPods-Bhoot FM Collection.a */,
			);
			name = Frameworks;
			sourceTree = "<group>";
		};
		DA126E861E7E44300067C74B = {
			isa = PBXGroup;
			children = (
				DA89EB971E8B967800C13D26 /* Common */,
				DA89EB8A1E8B95CA00C13D26 /* Thirdparty */,
				DA89EB891E8B92DC00C13D26 /* Music */,
				DA7F3CAA1E8A2ED900B16333 /* RightViewController */,
				DA7F3CA61E8A2ECA00B16333 /* LeftViewController */,
				DA7F3CA21E8A2EA100B16333 /* CenterViewController */,
				DA126ECE1E7E588D0067C74B /* MMDrawer */,
				DA126E911E7E44310067C74B /* Bhoot FM Collection */,
				DA126EAE1E7E44310067C74B /* Bhoot FM CollectionTests */,
				DA126EB91E7E44310067C74B /* Bhoot FM CollectionUITests */,
				DA126E901E7E44310067C74B /* Products */,
				4A095F6B110CC78ACA4C0FD0 /* Pods */,
				9236C88AF1349BD3CEAD0D28 /* Frameworks */,
			);
			sourceTree = "<group>";
		};
		DA126E901E7E44310067C74B /* Products */ = {
			isa = PBXGroup;
			children = (
				DA126E8F1E7E44310067C74B /* Bhoot FM Collection.app */,
				DA126EAB1E7E44310067C74B /* Bhoot FM CollectionTests.xctest */,
				DA126EB61E7E44310067C74B /* Bhoot FM CollectionUITests.xctest */,
			);
			name = Products;
			sourceTree = "<group>";
		};
		DA126E911E7E44310067C74B /* Bhoot FM Collection */ = {
			isa = PBXGroup;
			children = (
				DA126E951E7E44310067C74B /* AppDelegate.h */,
				DA126E961E7E44310067C74B /* AppDelegate.m */,
				DA126E9B1E7E44310067C74B /* Main.storyboard */,
				DA126EA11E7E44310067C74B /* Assets.xcassets */,
				DA126EA31E7E44310067C74B /* LaunchScreen.storyboard */,
				DA126EA61E7E44310067C74B /* Info.plist */,
				DA126E9E1E7E44310067C74B /* Bhoot_FM_Collection.xcdatamodeld */,
				DA126E921E7E44310067C74B /* Supporting Files */,
			);
			path = "Bhoot FM Collection";
			sourceTree = "<group>";
		};
		DA126E921E7E44310067C74B /* Supporting Files */ = {
			isa = PBXGroup;
			children = (
				DA126E931E7E44310067C74B /* main.m */,
			);
			name = "Supporting Files";
			sourceTree = "<group>";
		};
		DA126EAE1E7E44310067C74B /* Bhoot FM CollectionTests */ = {
			isa = PBXGroup;
			children = (
				DA126EAF1E7E44310067C74B /* Bhoot_FM_CollectionTests.m */,
				DA126EB11E7E44310067C74B /* Info.plist */,
			);
			path = "Bhoot FM CollectionTests";
			sourceTree = "<group>";
		};
		DA126EB91E7E44310067C74B /* Bhoot FM CollectionUITests */ = {
			isa = PBXGroup;
			children = (
				DA126EBA1E7E44310067C74B /* Bhoot_FM_CollectionUITests.m */,
				DA126EBC1E7E44310067C74B /* Info.plist */,
			);
			path = "Bhoot FM CollectionUITests";
			sourceTree = "<group>";
		};
		DA126ECE1E7E588D0067C74B /* MMDrawer */ = {
			isa = PBXGroup;
			children = (
				DA126ECF1E7E58DC0067C74B /* MMDrawerBarButtonItem.h */,
				DA126ED01E7E58DC0067C74B /* MMDrawerBarButtonItem.m */,
				DA126ED11E7E58DC0067C74B /* MMDrawerController.h */,
				DA126ED21E7E58DC0067C74B /* MMDrawerController.m */,
				DA126ED31E7E58DC0067C74B /* MMDrawerController+Subclass.h */,
				DA126ED41E7E58DC0067C74B /* MMDrawerVisualState.h */,
				DA126ED51E7E58DC0067C74B /* MMDrawerVisualState.m */,
				DA126ED61E7E58DC0067C74B /* UIViewController+MMDrawerController.h */,
				DA126ED71E7E58DC0067C74B /* UIViewController+MMDrawerController.m */,
			);
			name = MMDrawer;
			sourceTree = "<group>";
		};
		DA7F3CA21E8A2EA100B16333 /* CenterViewController */ = {
			isa = PBXGroup;
			children = (
				DA7F3C9F1E8A2E9C00B16333 /* ViewController.h */,
				DA7F3CA01E8A2E9C00B16333 /* ViewController.m */,
			);
			name = CenterViewController;
			sourceTree = "<group>";
		};
		DA7F3CA61E8A2ECA00B16333 /* LeftViewController */ = {
			isa = PBXGroup;
			children = (
				DA7F3CA31E8A2EC800B16333 /* LeftViewController.h */,
				DA7F3CA41E8A2EC800B16333 /* LeftViewController.m */,
			);
			name = LeftViewController;
			sourceTree = "<group>";
		};
		DA7F3CAA1E8A2ED900B16333 /* RightViewController */ = {
			isa = PBXGroup;
			children = (
				DA7F3CA71E8A2ED700B16333 /* RightViewController.h */,
				DA7F3CA81E8A2ED700B16333 /* RightViewController.m */,
			);
			name = RightViewController;
			sourceTree = "<group>";
		};
		DA89EB891E8B92DC00C13D26 /* Music */ = {
			isa = PBXGroup;
			children = (
				DA89EB811E8B92D800C13D26 /* Music.storyboard */,
				DA89EB821E8B92D800C13D26 /* MusicIndicator.h */,
				DA89EB831E8B92D800C13D26 /* MusicIndicator.m */,
				DA89EB841E8B92D800C13D26 /* MusicSlider.h */,
				DA89EB851E8B92D800C13D26 /* MusicSlider.m */,
			);
			name = Music;
			sourceTree = "<group>";
		};
		DA89EB8A1E8B95CA00C13D26 /* Thirdparty */ = {
			isa = PBXGroup;
			children = (
				DA89EB951E8B960F00C13D26 /* NAKPlaybackIndicatorView */,
				DA89EB8E1E8B95FA00C13D26 /* DOUAudioStreamer */,
			);
			name = Thirdparty;
			sourceTree = "<group>";
		};
		DA89EB8E1E8B95FA00C13D26 /* DOUAudioStreamer */ = {
			isa = PBXGroup;
			children = (
				DA89EB8B1E8B95ED00C13D26 /* Track.h */,
				DA89EB8C1E8B95ED00C13D26 /* Track.m */,
			);
			name = DOUAudioStreamer;
			sourceTree = "<group>";
		};
		DA89EB951E8B960F00C13D26 /* NAKPlaybackIndicatorView */ = {
			isa = PBXGroup;
			children = (
				DA89EB8F1E8B960700C13D26 /* NAKPlaybackIndicatorContentView.h */,
				DA89EB901E8B960700C13D26 /* NAKPlaybackIndicatorContentView.m */,
				DA89EB911E8B960700C13D26 /* NAKPlaybackIndicatorView.h */,
				DA89EB921E8B960700C13D26 /* NAKPlaybackIndicatorView.m */,
			);
			name = NAKPlaybackIndicatorView;
			sourceTree = "<group>";
		};
		DA89EB971E8B967800C13D26 /* Common */ = {
			isa = PBXGroup;
			children = (
				DA89EB961E8B967400C13D26 /* UIConstant.h */,
			);
			name = Common;
			sourceTree = "<group>";
		};
/* End PBXGroup section */

/* Begin PBXNativeTarget section */
		DA126E8E1E7E44310067C74B /* Bhoot FM Collection */ = {
			isa = PBXNativeTarget;
			buildConfigurationList = DA126EBF1E7E44310067C74B /* Build configuration list for PBXNativeTarget "Bhoot FM Collection" */;
			buildPhases = (
				461583636D5C455B11BE9BF6 /* [CP] Check Pods Manifest.lock */,
				DA126E8B1E7E44310067C74B /* Sources */,
				DA126E8C1E7E44310067C74B /* Frameworks */,
				DA126E8D1E7E44310067C74B /* Resources */,
				96FBDEFED8A651BC2186F342 /* [CP] Embed Pods Frameworks */,
				ACCB964964762734642BA9B8 /* [CP] Copy Pods Resources */,
			);
			buildRules = (
			);
			dependencies = (
			);
			name = "Bhoot FM Collection";
			productName = "Bhoot FM Collection";
			productReference = DA126E8F1E7E44310067C74B /* Bhoot FM Collection.app */;
			productType = "com.apple.product-type.application";
		};
		DA126EAA1E7E44310067C74B /* Bhoot FM CollectionTests */ = {
			isa = PBXNativeTarget;
			buildConfigurationList = DA126EC21E7E44310067C74B /* Build configuration list for PBXNativeTarget "Bhoot FM CollectionTests" */;
			buildPhases = (
				DA126EA71E7E44310067C74B /* Sources */,
				DA126EA81E7E44310067C74B /* Frameworks */,
				DA126EA91E7E44310067C74B /* Resources */,
			);
			buildRules = (
			);
			dependencies = (
				DA126EAD1E7E44310067C74B /* PBXTargetDependency */,
			);
			name = "Bhoot FM CollectionTests";
			productName = "Bhoot FM CollectionTests";
			productReference = DA126EAB1E7E44310067C74B /* Bhoot FM CollectionTests.xctest */;
			productType = "com.apple.product-type.bundle.unit-test";
		};
		DA126EB51E7E44310067C74B /* Bhoot FM CollectionUITests */ = {
			isa = PBXNativeTarget;
			buildConfigurationList = DA126EC51E7E44310067C74B /* Build configuration list for PBXNativeTarget "Bhoot FM CollectionUITests" */;
			buildPhases = (
				DA126EB21E7E44310067C74B /* Sources */,
				DA126EB31E7E44310067C74B /* Frameworks */,
				DA126EB41E7E44310067C74B /* Resources */,
			);
			buildRules = (
			);
			dependencies = (
				DA126EB81E7E44310067C74B /* PBXTargetDependency */,
			);
			name = "Bhoot FM CollectionUITests";
			productName = "Bhoot FM CollectionUITests";
			productReference = DA126EB61E7E44310067C74B /* Bhoot FM CollectionUITests.xctest */;
			productType = "com.apple.product-type.bundle.ui-testing";
		};
/* End PBXNativeTarget section */

/* Begin PBXProject section */
		DA126E871E7E44310067C74B /* Project object */ = {
			isa = PBXProject;
			attributes = {
				LastUpgradeCheck = 0820;
				ORGANIZATIONNAME = "Rajib Chandra Das";
				TargetAttributes = {
					DA126E8E1E7E44310067C74B = {
						CreatedOnToolsVersion = 8.2.1;
						DevelopmentTeam = 7PZD3JV4DH;
						ProvisioningStyle = Automatic;
					};
					DA126EAA1E7E44310067C74B = {
						CreatedOnToolsVersion = 8.2.1;
						DevelopmentTeam = 7PZD3JV4DH;
						ProvisioningStyle = Automatic;
						TestTargetID = DA126E8E1E7E44310067C74B;
					};
					DA126EB51E7E44310067C74B = {
						CreatedOnToolsVersion = 8.2.1;
						DevelopmentTeam = 7PZD3JV4DH;
						ProvisioningStyle = Automatic;
						TestTargetID = DA126E8E1E7E44310067C74B;
					};
				};
			};
			buildConfigurationList = DA126E8A1E7E44310067C74B /* Build configuration list for PBXProject "Bhoot FM Collection" */;
			compatibilityVersion = "Xcode 3.2";
			developmentRegion = English;
			hasScannedForEncodings = 0;
			knownRegions = (
				en,
				Base,
			);
			mainGroup = DA126E861E7E44300067C74B;
			productRefGroup = DA126E901E7E44310067C74B /* Products */;
			projectDirPath = "";
			projectRoot = "";
			targets = (
				DA126E8E1E7E44310067C74B /* Bhoot FM Collection */,
				DA126EAA1E7E44310067C74B /* Bhoot FM CollectionTests */,
				DA126EB51E7E44310067C74B /* Bhoot FM CollectionUITests */,
			);
		};
/* End PBXProject section */

/* Begin PBXResourcesBuildPhase section */
		DA126E8D1E7E44310067C74B /* Resources */ = {
			isa = PBXResourcesBuildPhase;
			buildActionMask = 2147483647;
			files = (
				DA89EB861E8B92D800C13D26 /* Music.storyboard in Resources */,
				DA126EA51E7E44310067C74B /* LaunchScreen.storyboard in Resources */,
				DA126EA21E7E44310067C74B /* Assets.xcassets in Resources */,
				DA126E9D1E7E44310067C74B /* Main.storyboard in Resources */,
			);
			runOnlyForDeploymentPostprocessing = 0;
		};
		DA126EA91E7E44310067C74B /* Resources */ = {
			isa = PBXResourcesBuildPhase;
			buildActionMask = 2147483647;
			files = (
			);
			runOnlyForDeploymentPostprocessing = 0;
		};
		DA126EB41E7E44310067C74B /* Resources */ = {
			isa = PBXResourcesBuildPhase;
			buildActionMask = 2147483647;
			files = (
			);
			runOnlyForDeploymentPostprocessing = 0;
		};
/* End PBXResourcesBuildPhase section */

/* Begin PBXShellScriptBuildPhase section */
		461583636D5C455B11BE9BF6 /* [CP] Check Pods Manifest.lock */ = {
			isa = PBXShellScriptBuildPhase;
			buildActionMask = 2147483647;
			files = (
			);
			inputPaths = (
			);
			name = "[CP] Check Pods Manifest.lock";
			outputPaths = (
			);
			runOnlyForDeploymentPostprocessing = 0;
			shellPath = /bin/sh;
			shellScript = "diff \"${PODS_ROOT}/../Podfile.lock\" \"${PODS_ROOT}/Manifest.lock\" > /dev/null\nif [ $? != 0 ] ; then\n    # print error to STDERR\n    echo \"error: The sandbox is not in sync with the Podfile.lock. Run 'pod install' or update your CocoaPods installation.\" >&2\n    exit 1\nfi\n";
			showEnvVarsInLog = 0;
		};
		96FBDEFED8A651BC2186F342 /* [CP] Embed Pods Frameworks */ = {
			isa = PBXShellScriptBuildPhase;
			buildActionMask = 2147483647;
			files = (
			);
			inputPaths = (
			);
			name = "[CP] Embed Pods Frameworks";
			outputPaths = (
			);
			runOnlyForDeploymentPostprocessing = 0;
			shellPath = /bin/sh;
			shellScript = "\"${SRCROOT}/Pods/Target Support Files/Pods-Bhoot FM Collection/Pods-Bhoot FM Collection-frameworks.sh\"\n";
			showEnvVarsInLog = 0;
		};
		ACCB964964762734642BA9B8 /* [CP] Copy Pods Resources */ = {
			isa = PBXShellScriptBuildPhase;
			buildActionMask = 2147483647;
			files = (
			);
			inputPaths = (
			);
			name = "[CP] Copy Pods Resources";
			outputPaths = (
			);
			runOnlyForDeploymentPostprocessing = 0;
			shellPath = /bin/sh;
			shellScript = "\"${SRCROOT}/Pods/Target Support Files/Pods-Bhoot FM Collection/Pods-Bhoot FM Collection-resources.sh\"\n";
			showEnvVarsInLog = 0;
		};
/* End PBXShellScriptBuildPhase section */

/* Begin PBXSourcesBuildPhase section */
		DA126E8B1E7E44310067C74B /* Sources */ = {
			isa = PBXSourcesBuildPhase;
			buildActionMask = 2147483647;
			files = (
				DA89EB881E8B92D800C13D26 /* MusicSlider.m in Sources */,
				DA7F3CA51E8A2EC800B16333 /* LeftViewController.m in Sources */,
				DA126ED91E7E58DC0067C74B /* MMDrawerController.m in Sources */,
				DA89EB871E8B92D800C13D26 /* MusicIndicator.m in Sources */,
				DA89EB931E8B960700C13D26 /* NAKPlaybackIndicatorContentView.m in Sources */,
				DA126EDB1E7E58DC0067C74B /* UIViewController+MMDrawerController.m in Sources */,
				DA7F3CA11E8A2E9C00B16333 /* ViewController.m in Sources */,
				DA89EB941E8B960700C13D26 /* NAKPlaybackIndicatorView.m in Sources */,
				DA126EDA1E7E58DC0067C74B /* MMDrawerVisualState.m in Sources */,
				DA7F3CA91E8A2ED700B16333 /* RightViewController.m in Sources */,
				DA89EB8D1E8B95ED00C13D26 /* Track.m in Sources */,
				DA126E971E7E44310067C74B /* AppDelegate.m in Sources */,
				DA126EA01E7E44310067C74B /* Bhoot_FM_Collection.xcdatamodeld in Sources */,
				DA126E941E7E44310067C74B /* main.m in Sources */,
				DA126ED81E7E58DC0067C74B /* MMDrawerBarButtonItem.m in Sources */,
			);
			runOnlyForDeploymentPostprocessing = 0;
		};
		DA126EA71E7E44310067C74B /* Sources */ = {
			isa = PBXSourcesBuildPhase;
			buildActionMask = 2147483647;
			files = (
				DA126EB01E7E44310067C74B /* Bhoot_FM_CollectionTests.m in Sources */,
			);
			runOnlyForDeploymentPostprocessing = 0;
		};
		DA126EB21E7E44310067C74B /* Sources */ = {
			isa = PBXSourcesBuildPhase;
			buildActionMask = 2147483647;
			files = (
				DA126EBB1E7E44310067C74B /* Bhoot_FM_CollectionUITests.m in Sources */,
			);
			runOnlyForDeploymentPostprocessing = 0;
		};
/* End PBXSourcesBuildPhase section */

/* Begin PBXTargetDependency section */
		DA126EAD1E7E44310067C74B /* PBXTargetDependency */ = {
			isa = PBXTargetDependency;
			target = DA126E8E1E7E44310067C74B /* Bhoot FM Collection */;
			targetProxy = DA126EAC1E7E44310067C74B /* PBXContainerItemProxy */;
		};
		DA126EB81E7E44310067C74B /* PBXTargetDependency */ = {
			isa = PBXTargetDependency;
			target = DA126E8E1E7E44310067C74B /* Bhoot FM Collection */;
			targetProxy = DA126EB71E7E44310067C74B /* PBXContainerItemProxy */;
		};
/* End PBXTargetDependency section */

/* Begin PBXVariantGroup section */
		DA126E9B1E7E44310067C74B /* Main.storyboard */ = {
			isa = PBXVariantGroup;
			children = (
				DA126E9C1E7E44310067C74B /* Base */,
			);
			name = Main.storyboard;
			sourceTree = "<group>";
		};
		DA126EA31E7E44310067C74B /* LaunchScreen.storyboard */ = {
			isa = PBXVariantGroup;
			children = (
				DA126EA41E7E44310067C74B /* Base */,
			);
			name = LaunchScreen.storyboard;
			sourceTree = "<group>";
		};
/* End PBXVariantGroup section */

/* Begin XCBuildConfiguration section */
		DA126EBD1E7E44310067C74B /* Debug */ = {
			isa = XCBuildConfiguration;
			buildSettings = {
				ALWAYS_SEARCH_USER_PATHS = NO;
				CLANG_ANALYZER_NONNULL = YES;
				CLANG_CXX_LANGUAGE_STANDARD = "gnu++0x";
				CLANG_CXX_LIBRARY = "libc++";
				CLANG_ENABLE_MODULES = YES;
				CLANG_ENABLE_OBJC_ARC = YES;
				CLANG_WARN_BOOL_CONVERSION = YES;
				CLANG_WARN_CONSTANT_CONVERSION = YES;
				CLANG_WARN_DIRECT_OBJC_ISA_USAGE = YES_ERROR;
				CLANG_WARN_DOCUMENTATION_COMMENTS = YES;
				CLANG_WARN_EMPTY_BODY = YES;
				CLANG_WARN_ENUM_CONVERSION = YES;
				CLANG_WARN_INFINITE_RECURSION = YES;
				CLANG_WARN_INT_CONVERSION = YES;
				CLANG_WARN_OBJC_ROOT_CLASS = YES_ERROR;
				CLANG_WARN_SUSPICIOUS_MOVE = YES;
				CLANG_WARN_UNREACHABLE_CODE = YES;
				CLANG_WARN__DUPLICATE_METHOD_MATCH = YES;
				"CODE_SIGN_IDENTITY[sdk=iphoneos*]" = "iPhone Developer";
				COPY_PHASE_STRIP = NO;
				DEBUG_INFORMATION_FORMAT = dwarf;
				ENABLE_STRICT_OBJC_MSGSEND = YES;
				ENABLE_TESTABILITY = YES;
				GCC_C_LANGUAGE_STANDARD = gnu99;
				GCC_DYNAMIC_NO_PIC = NO;
				GCC_NO_COMMON_BLOCKS = YES;
				GCC_OPTIMIZATION_LEVEL = 0;
				GCC_PREPROCESSOR_DEFINITIONS = (
					"DEBUG=1",
					"$(inherited)",
				);
				GCC_WARN_64_TO_32_BIT_CONVERSION = YES;
				GCC_WARN_ABOUT_RETURN_TYPE = YES_ERROR;
				GCC_WARN_UNDECLARED_SELECTOR = YES;
				GCC_WARN_UNINITIALIZED_AUTOS = YES_AGGRESSIVE;
				GCC_WARN_UNUSED_FUNCTION = YES;
				GCC_WARN_UNUSED_VARIABLE = YES;
				IPHONEOS_DEPLOYMENT_TARGET = 10.2;
				MTL_ENABLE_DEBUG_INFO = YES;
				ONLY_ACTIVE_ARCH = YES;
				SDKROOT = iphoneos;
				TARGETED_DEVICE_FAMILY = "1,2";
			};
			name = Debug;
		};
		DA126EBE1E7E44310067C74B /* Release */ = {
			isa = XCBuildConfiguration;
			buildSettings = {
				ALWAYS_SEARCH_USER_PATHS = NO;
				CLANG_ANALYZER_NONNULL = YES;
				CLANG_CXX_LANGUAGE_STANDARD = "gnu++0x";
				CLANG_CXX_LIBRARY = "libc++";
				CLANG_ENABLE_MODULES = YES;
				CLANG_ENABLE_OBJC_ARC = YES;
				CLANG_WARN_BOOL_CONVERSION = YES;
				CLANG_WARN_CONSTANT_CONVERSION = YES;
				CLANG_WARN_DIRECT_OBJC_ISA_USAGE = YES_ERROR;
				CLANG_WARN_DOCUMENTATION_COMMENTS = YES;
				CLANG_WARN_EMPTY_BODY = YES;
				CLANG_WARN_ENUM_CONVERSION = YES;
				CLANG_WARN_INFINITE_RECURSION = YES;
				CLANG_WARN_INT_CONVERSION = YES;
				CLANG_WARN_OBJC_ROOT_CLASS = YES_ERROR;
				CLANG_WARN_SUSPICIOUS_MOVE = YES;
				CLANG_WARN_UNREACHABLE_CODE = YES;
				CLANG_WARN__DUPLICATE_METHOD_MATCH = YES;
				"CODE_SIGN_IDENTITY[sdk=iphoneos*]" = "iPhone Developer";
				COPY_PHASE_STRIP = NO;
				DEBUG_INFORMATION_FORMAT = "dwarf-with-dsym";
				ENABLE_NS_ASSERTIONS = NO;
				ENABLE_STRICT_OBJC_MSGSEND = YES;
				GCC_C_LANGUAGE_STANDARD = gnu99;
				GCC_NO_COMMON_BLOCKS = YES;
				GCC_WARN_64_TO_32_BIT_CONVERSION = YES;
				GCC_WARN_ABOUT_RETURN_TYPE = YES_ERROR;
				GCC_WARN_UNDECLARED_SELECTOR = YES;
				GCC_WARN_UNINITIALIZED_AUTOS = YES_AGGRESSIVE;
				GCC_WARN_UNUSED_FUNCTION = YES;
				GCC_WARN_UNUSED_VARIABLE = YES;
				IPHONEOS_DEPLOYMENT_TARGET = 10.2;
				MTL_ENABLE_DEBUG_INFO = NO;
				SDKROOT = iphoneos;
				TARGETED_DEVICE_FAMILY = "1,2";
				VALIDATE_PRODUCT = YES;
			};
			name = Release;
		};
		DA126EC01E7E44310067C74B /* Debug */ = {
			isa = XCBuildConfiguration;
			baseConfigurationReference = A7AFB220F4FB1E61B2870D1C /* Pods-Bhoot FM Collection.debug.xcconfig */;
			buildSettings = {
				ASSETCATALOG_COMPILER_APPICON_NAME = AppIcon;
				"CODE_SIGN_IDENTITY[sdk=iphoneos*]" = "iPhone Developer";
				DEVELOPMENT_TEAM = 7PZD3JV4DH;
				INFOPLIST_FILE = "Bhoot FM Collection/Info.plist";
				IPHONEOS_DEPLOYMENT_TARGET = 8.0;
				LD_RUNPATH_SEARCH_PATHS = "$(inherited) @executable_path/Frameworks";
				PRODUCT_BUNDLE_IDENTIFIER = "RajibTheKing.Bhoot-FM-Collection-1.0";
				PRODUCT_NAME = "$(TARGET_NAME)";
			};
			name = Debug;
		};
		DA126EC11E7E44310067C74B /* Release */ = {
			isa = XCBuildConfiguration;
			baseConfigurationReference = ED0DF6C38C64537E422D47BD /* Pods-Bhoot FM Collection.release.xcconfig */;
			buildSettings = {
				ASSETCATALOG_COMPILER_APPICON_NAME = AppIcon;
				"CODE_SIGN_IDENTITY[sdk=iphoneos*]" = "iPhone Developer";
				DEVELOPMENT_TEAM = 7PZD3JV4DH;
				INFOPLIST_FILE = "Bhoot FM Collection/Info.plist";
				IPHONEOS_DEPLOYMENT_TARGET = 8.0;
				LD_RUNPATH_SEARCH_PATHS = "$(inherited) @executable_path/Frameworks";
				PRODUCT_BUNDLE_IDENTIFIER = "RajibTheKing.Bhoot-FM-Collection-1.0";
				PRODUCT_NAME = "$(TARGET_NAME)";
			};
			name = Release;
		};
		DA126EC31E7E44310067C74B /* Debug */ = {
			isa = XCBuildConfiguration;
			buildSettings = {
				BUNDLE_LOADER = "$(TEST_HOST)";
				DEVELOPMENT_TEAM = 7PZD3JV4DH;
				INFOPLIST_FILE = "Bhoot FM CollectionTests/Info.plist";
				LD_RUNPATH_SEARCH_PATHS = "$(inherited) @executable_path/Frameworks @loader_path/Frameworks";
				PRODUCT_BUNDLE_IDENTIFIER = "RajibTheKing.Bhoot-FM-CollectionTests";
				PRODUCT_NAME = "$(TARGET_NAME)";
				TEST_HOST = "$(BUILT_PRODUCTS_DIR)/Bhoot FM Collection.app/Bhoot FM Collection";
			};
			name = Debug;
		};
		DA126EC41E7E44310067C74B /* Release */ = {
			isa = XCBuildConfiguration;
			buildSettings = {
				BUNDLE_LOADER = "$(TEST_HOST)";
				DEVELOPMENT_TEAM = 7PZD3JV4DH;
				INFOPLIST_FILE = "Bhoot FM CollectionTests/Info.plist";
				LD_RUNPATH_SEARCH_PATHS = "$(inherited) @executable_path/Frameworks @loader_path/Frameworks";
				PRODUCT_BUNDLE_IDENTIFIER = "RajibTheKing.Bhoot-FM-CollectionTests";
				PRODUCT_NAME = "$(TARGET_NAME)";
				TEST_HOST = "$(BUILT_PRODUCTS_DIR)/Bhoot FM Collection.app/Bhoot FM Collection";
			};
			name = Release;
		};
		DA126EC61E7E44310067C74B /* Debug */ = {
			isa = XCBuildConfiguration;
			buildSettings = {
				DEVELOPMENT_TEAM = 7PZD3JV4DH;
				INFOPLIST_FILE = "Bhoot FM CollectionUITests/Info.plist";
				LD_RUNPATH_SEARCH_PATHS = "$(inherited) @executable_path/Frameworks @loader_path/Frameworks";
				PRODUCT_BUNDLE_IDENTIFIER = "RajibTheKing.Bhoot-FM-CollectionUITests";
				PRODUCT_NAME = "$(TARGET_NAME)";
				TEST_TARGET_NAME = "Bhoot FM Collection";
			};
			name = Debug;
		};
		DA126EC71E7E44310067C74B /* Release */ = {
			isa = XCBuildConfiguration;
			buildSettings = {
				DEVELOPMENT_TEAM = 7PZD3JV4DH;
				INFOPLIST_FILE = "Bhoot FM CollectionUITests/Info.plist";
				LD_RUNPATH_SEARCH_PATHS = "$(inherited) @executable_path/Frameworks @loader_path/Frameworks";
				PRODUCT_BUNDLE_IDENTIFIER = "RajibTheKing.Bhoot-FM-CollectionUITests";
				PRODUCT_NAME = "$(TARGET_NAME)";
				TEST_TARGET_NAME = "Bhoot FM Collection";
			};
			name = Release;
		};
/* End XCBuildConfiguration section */

/* Begin XCConfigurationList section */
		DA126E8A1E7E44310067C74B /* Build configuration list for PBXProject "Bhoot FM Collection" */ = {
			isa = XCConfigurationList;
			buildConfigurations = (
				DA126EBD1E7E44310067C74B /* Debug */,
				DA126EBE1E7E44310067C74B /* Release */,
			);
			defaultConfigurationIsVisible = 0;
			defaultConfigurationName = Release;
		};
		DA126EBF1E7E44310067C74B /* Build configuration list for PBXNativeTarget "Bhoot FM Collection" */ = {
			isa = XCConfigurationList;
			buildConfigurations = (
				DA126EC01E7E44310067C74B /* Debug */,
				DA126EC11E7E44310067C74B /* Release */,
			);
			defaultConfigurationIsVisible = 0;
			defaultConfigurationName = Release;
		};
		DA126EC21E7E44310067C74B /* Build configuration list for PBXNativeTarget "Bhoot FM CollectionTests" */ = {
			isa = XCConfigurationList;
			buildConfigurations = (
				DA126EC31E7E44310067C74B /* Debug */,
				DA126EC41E7E44310067C74B /* Release */,
			);
			defaultConfigurationIsVisible = 0;
			defaultConfigurationName = Release;
		};
		DA126EC51E7E44310067C74B /* Build configuration list for PBXNativeTarget "Bhoot FM CollectionUITests" */ = {
			isa = XCConfigurationList;
			buildConfigurations = (
				DA126EC61E7E44310067C74B /* Debug */,
				DA126EC71E7E44310067C74B /* Release */,
			);
			defaultConfigurationIsVisible = 0;
			defaultConfigurationName = Release;
		};
/* End XCConfigurationList section */

/* Begin XCVersionGroup section */
		DA126E9E1E7E44310067C74B /* Bhoot_FM_Collection.xcdatamodeld */ = {
			isa = XCVersionGroup;
			children = (
				DA126E9F1E7E44310067C74B /* Bhoot_FM_Collection.xcdatamodel */,
			);
			currentVersion = DA126E9F1E7E44310067C74B /* Bhoot_FM_Collection.xcdatamodel */;
			path = Bhoot_FM_Collection.xcdatamodeld;
			sourceTree = "<group>";
			versionGroupType = wrapper.xcdatamodel;
		};
/* End XCVersionGroup section */
	};
	rootObject = DA126E871E7E44310067C74B /* Project object */;
}
